# THIS IS AN AUTOGENERATED FILE. DO NOT EDIT THIS FILE DIRECTLY.
# yarn lockfile v1


p-to-r@^1.0.3:
  version "1.0.3"
  resolved "https://registry.yarnpkg.com/p-to-r/-/p-to-r-1.0.3.tgz#92bf5ea59baa92b8fb8ceff564d926f413dd7d8d"
  integrity sha512-HJkbJ3oVWdLJYE5TOzaWDWXCxvacQJ9aJiHmzuwBGTUC4XybVGEuYhuByc7HeSXfnseaukAFNiFCl6ABBiq/+A==
