# THIS IS AN AUTOGENERATED FILE. DO NOT EDIT THIS FILE DIRECTLY.
# yarn lockfile v1


p-to-r@^1.0.4:
  version "1.0.4"
  resolved "https://registry.yarnpkg.com/p-to-r/-/p-to-r-1.0.4.tgz#1856b07f82c73b5cefcb4413810e687a556a766e"
  integrity sha512-kkfoAJ9adof+s5oJdF+xGrfubD0BYWyxQkEZp/1SY5mX8vDmMNET+pug90/hk5XHp3rRHTApGHZXMTYoT8vcbA==
